
Microsoft Visual Studio Solution File, Format Version 12.00
# Visual Studio Version 17
VisualStudioVersion = 17.4.33122.133
MinimumVisualStudioVersion = 10.0.40219.1
Project("{FAE04EC0-301F-11D3-BF4B-00C04F79EFBC}") = "bht car go !", "bht car go !\bht car go !.csproj", "{03CC6433-ED64-4203-A2DE-281F7C1DDAFC}"
EndProject
Global
	GlobalSection(SolutionConfigurationPlatforms) = preSolution
		Debug|Any CPU = Debug|Any CPU
		Release|Any CPU = Release|Any CPU
	EndGlobalSection
	GlobalSection(ProjectConfigurationPlatforms) = postSolution
		{03CC6433-ED64-4203-A2DE-281F7C1DDAFC}.Debug|Any CPU.ActiveCfg = Debug|Any CPU
		{03CC6433-ED64-4203-A2DE-281F7C1DDAFC}.Debug|Any CPU.Build.0 = Debug|Any CPU
		{03CC6433-ED64-4203-A2DE-281F7C1DDAFC}.Release|Any CPU.ActiveCfg = Release|Any CPU
		{03CC6433-ED64-4203-A2DE-281F7C1DDAFC}.Release|Any CPU.Build.0 = Release|Any CPU
	EndGlobalSection
	GlobalSection(SolutionProperties) = preSolution
		HideSolutionNode = FALSE
	EndGlobalSection
	GlobalSection(ExtensibilityGlobals) = postSolution
		SolutionGuid = {70E8AFEE-3F69-42F6-A3A3-8EEBE052F7E6}
	EndGlobalSection
EndGlobal
